
Microsoft Visual Studio Solution File, Format Version 12.00
# Visual Studio Version 17
VisualStudioVersion = 17.4.33213.308
MinimumVisualStudioVersion = 10.0.40219.1
Project("{FAE04EC0-301F-11D3-BF4B-00C04F79EFBC}") = "TelegramBotCalculatorDelivery", "TelegramBotCalculatorDelivery\TelegramBotCalculatorDelivery.csproj", "{42A167C1-5CF4-463E-B6AF-5B5C99FC9F1D}"
EndProject
Global
	GlobalSection(SolutionConfigurationPlatforms) = preSolution
		Debug|Any CPU = Debug|Any CPU
		Release|Any CPU = Release|Any CPU
	EndGlobalSection
	GlobalSection(ProjectConfigurationPlatforms) = postSolution
		{42A167C1-5CF4-463E-B6AF-5B5C99FC9F1D}.Debug|Any CPU.ActiveCfg = Debug|Any CPU
		{42A167C1-5CF4-463E-B6AF-5B5C99FC9F1D}.Debug|Any CPU.Build.0 = Debug|Any CPU
		{42A167C1-5CF4-463E-B6AF-5B5C99FC9F1D}.Release|Any CPU.ActiveCfg = Release|Any CPU
		{42A167C1-5CF4-463E-B6AF-5B5C99FC9F1D}.Release|Any CPU.Build.0 = Release|Any CPU
	EndGlobalSection
	GlobalSection(SolutionProperties) = preSolution
		HideSolutionNode = FALSE
	EndGlobalSection
	GlobalSection(ExtensibilityGlobals) = postSolution
		SolutionGuid = {109B87D7-3F93-4F6F-A582-FD66E8733320}
	EndGlobalSection
EndGlobal
